
Microsoft Visual Studio Solution File, Format Version 12.00
# Visual Studio Version 16
VisualStudioVersion = 16.0.31702.278
MinimumVisualStudioVersion = 10.0.40219.1
Project("{FAE04EC0-301F-11D3-BF4B-00C04F79EFBC}") = "authentication", "authentication.csproj", "{C0A44619-C407-4B75-AA2A-73016289A952}"
EndProject
Global
	GlobalSection(SolutionConfigurationPlatforms) = preSolution
		Debug|Any CPU = Debug|Any CPU
		Release|Any CPU = Release|Any CPU
	EndGlobalSection
	GlobalSection(ProjectConfigurationPlatforms) = postSolution
		{C0A44619-C407-4B75-AA2A-73016289A952}.Debug|Any CPU.ActiveCfg = Debug|Any CPU
		{C0A44619-C407-4B75-AA2A-73016289A952}.Debug|Any CPU.Build.0 = Debug|Any CPU
		{C0A44619-C407-4B75-AA2A-73016289A952}.Release|Any CPU.ActiveCfg = Release|Any CPU
		{C0A44619-C407-4B75-AA2A-73016289A952}.Release|Any CPU.Build.0 = Release|Any CPU
	EndGlobalSection
	GlobalSection(SolutionProperties) = preSolution
		HideSolutionNode = FALSE
	EndGlobalSection
	GlobalSection(ExtensibilityGlobals) = postSolution
		SolutionGuid = {B63567A8-BC50-4C3D-BF2C-34535C918EAF}
	EndGlobalSection
EndGlobal
